
Microsoft Visual Studio Solution File, Format Version 12.00
Project("{FAE04EC0-301F-11D3-BF4B-00C04F79EFBC}") = "Loginoperations", "Loginoperations\Loginoperations.csproj", "{13667B8F-4BF3-450D-AE36-B3085B1470E8}"
EndProject
Global
	GlobalSection(SolutionConfigurationPlatforms) = preSolution
		Debug|Any CPU = Debug|Any CPU
		Release|Any CPU = Release|Any CPU
	EndGlobalSection
	GlobalSection(ProjectConfigurationPlatforms) = postSolution
		{13667B8F-4BF3-450D-AE36-B3085B1470E8}.Debug|Any CPU.ActiveCfg = Debug|Any CPU
		{13667B8F-4BF3-450D-AE36-B3085B1470E8}.Debug|Any CPU.Build.0 = Debug|Any CPU
		{13667B8F-4BF3-450D-AE36-B3085B1470E8}.Release|Any CPU.ActiveCfg = Release|Any CPU
		{13667B8F-4BF3-450D-AE36-B3085B1470E8}.Release|Any CPU.Build.0 = Release|Any CPU
	EndGlobalSection
EndGlobal
